
Microsoft Visual Studio Solution File, Format Version 12.00
Project("{FAE04EC0-301F-11D3-BF4B-00C04F79EFBC}") = "Todo.Api", "src\Todo.Api\Todo.Api.csproj", "{66F095F9-4AAF-4089-8D9D-5592C10952FA}"
EndProject
Project("{FAE04EC0-301F-11D3-BF4B-00C04F79EFBC}") = "Todo.Domain", "src\Todo.Domain\Todo.Domain.csproj", "{9709E381-C6AB-4FFB-9F00-EAD36C7D92E8}"
EndProject
Project("{FAE04EC0-301F-11D3-BF4B-00C04F79EFBC}") = "Todo.Infra", "src\Todo.Infra\Todo.Infra.csproj", "{BA61C3A4-F968-4AF7-82DB-4E481927C6CF}"
EndProject
Project("{FAE04EC0-301F-11D3-BF4B-00C04F79EFBC}") = "Todo.Shared", "src\Todo.Shared\Todo.Shared.csproj", "{819A86DA-B892-4E87-BF40-00308D60F483}"
EndProject
Project("{2150E333-8FDC-42A3-9474-1A3956D46DE8}") = "tests", "tests", "{7694A54A-8ACE-4D0D-AFFF-32E65EE216D7}"
EndProject
Project("{2150E333-8FDC-42A3-9474-1A3956D46DE8}") = "app", "app", "{456AC238-BB9B-494F-9CA3-61AA30A84C38}"
EndProject
Project("{FAE04EC0-301F-11D3-BF4B-00C04F79EFBC}") = "Todo.Domain.UnitTests", "tests\Todo.Domain.UnitTests\Todo.Domain.UnitTests.csproj", "{4411B0A7-745B-4104-9495-2DA385EF3847}"
EndProject
Project("{FAE04EC0-301F-11D3-BF4B-00C04F79EFBC}") = "Todo.Shared.UnitTests", "tests\Todo.Shared.UnitTests\Todo.Shared.UnitTests.csproj", "{7A7C7056-4922-44C0-9D19-9ED006EF2F41}"
EndProject
Project("{FAE04EC0-301F-11D3-BF4B-00C04F79EFBC}") = "Todo.Api.UnitTests", "tests\Todo.Api.UnitTests\Todo.Api.UnitTests.csproj", "{18562BCE-FB60-4144-8E65-361CABDD8A24}"
EndProject
Global
	GlobalSection(SolutionConfigurationPlatforms) = preSolution
		Debug|Any CPU = Debug|Any CPU
		Release|Any CPU = Release|Any CPU
	EndGlobalSection
	GlobalSection(ProjectConfigurationPlatforms) = postSolution
		{66F095F9-4AAF-4089-8D9D-5592C10952FA}.Debug|Any CPU.ActiveCfg = Debug|Any CPU
		{66F095F9-4AAF-4089-8D9D-5592C10952FA}.Debug|Any CPU.Build.0 = Debug|Any CPU
		{66F095F9-4AAF-4089-8D9D-5592C10952FA}.Release|Any CPU.ActiveCfg = Release|Any CPU
		{66F095F9-4AAF-4089-8D9D-5592C10952FA}.Release|Any CPU.Build.0 = Release|Any CPU
		{9709E381-C6AB-4FFB-9F00-EAD36C7D92E8}.Debug|Any CPU.ActiveCfg = Debug|Any CPU
		{9709E381-C6AB-4FFB-9F00-EAD36C7D92E8}.Debug|Any CPU.Build.0 = Debug|Any CPU
		{9709E381-C6AB-4FFB-9F00-EAD36C7D92E8}.Release|Any CPU.ActiveCfg = Release|Any CPU
		{9709E381-C6AB-4FFB-9F00-EAD36C7D92E8}.Release|Any CPU.Build.0 = Release|Any CPU
		{BA61C3A4-F968-4AF7-82DB-4E481927C6CF}.Debug|Any CPU.ActiveCfg = Debug|Any CPU
		{BA61C3A4-F968-4AF7-82DB-4E481927C6CF}.Debug|Any CPU.Build.0 = Debug|Any CPU
		{BA61C3A4-F968-4AF7-82DB-4E481927C6CF}.Release|Any CPU.ActiveCfg = Release|Any CPU
		{BA61C3A4-F968-4AF7-82DB-4E481927C6CF}.Release|Any CPU.Build.0 = Release|Any CPU
		{819A86DA-B892-4E87-BF40-00308D60F483}.Debug|Any CPU.ActiveCfg = Debug|Any CPU
		{819A86DA-B892-4E87-BF40-00308D60F483}.Debug|Any CPU.Build.0 = Debug|Any CPU
		{819A86DA-B892-4E87-BF40-00308D60F483}.Release|Any CPU.ActiveCfg = Release|Any CPU
		{819A86DA-B892-4E87-BF40-00308D60F483}.Release|Any CPU.Build.0 = Release|Any CPU
		{4411B0A7-745B-4104-9495-2DA385EF3847}.Debug|Any CPU.ActiveCfg = Debug|Any CPU
		{4411B0A7-745B-4104-9495-2DA385EF3847}.Debug|Any CPU.Build.0 = Debug|Any CPU
		{4411B0A7-745B-4104-9495-2DA385EF3847}.Release|Any CPU.ActiveCfg = Release|Any CPU
		{4411B0A7-745B-4104-9495-2DA385EF3847}.Release|Any CPU.Build.0 = Release|Any CPU
		{7A7C7056-4922-44C0-9D19-9ED006EF2F41}.Debug|Any CPU.ActiveCfg = Debug|Any CPU
		{7A7C7056-4922-44C0-9D19-9ED006EF2F41}.Debug|Any CPU.Build.0 = Debug|Any CPU
		{7A7C7056-4922-44C0-9D19-9ED006EF2F41}.Release|Any CPU.ActiveCfg = Release|Any CPU
		{7A7C7056-4922-44C0-9D19-9ED006EF2F41}.Release|Any CPU.Build.0 = Release|Any CPU
		{18562BCE-FB60-4144-8E65-361CABDD8A24}.Debug|Any CPU.ActiveCfg = Debug|Any CPU
		{18562BCE-FB60-4144-8E65-361CABDD8A24}.Debug|Any CPU.Build.0 = Debug|Any CPU
		{18562BCE-FB60-4144-8E65-361CABDD8A24}.Release|Any CPU.ActiveCfg = Release|Any CPU
		{18562BCE-FB60-4144-8E65-361CABDD8A24}.Release|Any CPU.Build.0 = Release|Any CPU
	EndGlobalSection
	GlobalSection(NestedProjects) = preSolution
		{66F095F9-4AAF-4089-8D9D-5592C10952FA} = {456AC238-BB9B-494F-9CA3-61AA30A84C38}
		{9709E381-C6AB-4FFB-9F00-EAD36C7D92E8} = {456AC238-BB9B-494F-9CA3-61AA30A84C38}
		{BA61C3A4-F968-4AF7-82DB-4E481927C6CF} = {456AC238-BB9B-494F-9CA3-61AA30A84C38}
		{819A86DA-B892-4E87-BF40-00308D60F483} = {456AC238-BB9B-494F-9CA3-61AA30A84C38}
		{4411B0A7-745B-4104-9495-2DA385EF3847} = {7694A54A-8ACE-4D0D-AFFF-32E65EE216D7}
		{7A7C7056-4922-44C0-9D19-9ED006EF2F41} = {7694A54A-8ACE-4D0D-AFFF-32E65EE216D7}
		{18562BCE-FB60-4144-8E65-361CABDD8A24} = {7694A54A-8ACE-4D0D-AFFF-32E65EE216D7}
	EndGlobalSection
EndGlobal
